
Microsoft Visual Studio Solution File, Format Version 12.00
# Visual Studio Version 16
VisualStudioVersion = 16.0.29509.3
MinimumVisualStudioVersion = 10.0.40219.1
Project("{FAE04EC0-301F-11D3-BF4B-00C04F79EFBC}") = "Blog", "Blog\Blog.csproj", "{CAC30F08-53A5-4E69-BB71-C8C82128FA55}"
EndProject
Global
	GlobalSection(SolutionConfigurationPlatforms) = preSolution
		Debug|Any CPU = Debug|Any CPU
		Release|Any CPU = Release|Any CPU
	EndGlobalSection
	GlobalSection(ProjectConfigurationPlatforms) = postSolution
		{CAC30F08-53A5-4E69-BB71-C8C82128FA55}.Debug|Any CPU.ActiveCfg = Debug|Any CPU
		{CAC30F08-53A5-4E69-BB71-C8C82128FA55}.Debug|Any CPU.Build.0 = Debug|Any CPU
		{CAC30F08-53A5-4E69-BB71-C8C82128FA55}.Release|Any CPU.ActiveCfg = Release|Any CPU
		{CAC30F08-53A5-4E69-BB71-C8C82128FA55}.Release|Any CPU.Build.0 = Release|Any CPU
	EndGlobalSection
	GlobalSection(SolutionProperties) = preSolution
		HideSolutionNode = FALSE
	EndGlobalSection
	GlobalSection(ExtensibilityGlobals) = postSolution
		SolutionGuid = {AFA5C73F-AB06-4589-8C51-77956B685C52}
	EndGlobalSection
EndGlobal
